
Microsoft Visual Studio Solution File, Format Version 11.00
# Visual Studio 2012
Project("{FAE04EC0-301F-11D3-BF4B-00C04F79EFBC}") = "Birth Date String", "Birth Date String\Birth Date String.csproj", "{A70CD176-8F75-4853-8667-9FA42D6C3B76}"
EndProject
Global
	GlobalSection(SolutionConfigurationPlatforms) = preSolution
		Debug|x86 = Debug|x86
		Release|x86 = Release|x86
	EndGlobalSection
	GlobalSection(ProjectConfigurationPlatforms) = postSolution
		{A70CD176-8F75-4853-8667-9FA42D6C3B76}.Debug|x86.ActiveCfg = Debug|x86
		{A70CD176-8F75-4853-8667-9FA42D6C3B76}.Debug|x86.Build.0 = Debug|x86
		{A70CD176-8F75-4853-8667-9FA42D6C3B76}.Release|x86.ActiveCfg = Release|x86
		{A70CD176-8F75-4853-8667-9FA42D6C3B76}.Release|x86.Build.0 = Release|x86
	EndGlobalSection
	GlobalSection(SolutionProperties) = preSolution
		HideSolutionNode = FALSE
	EndGlobalSection
EndGlobal
